
Microsoft Visual Studio Solution File, Format Version 12.00
# Visual Studio 15
VisualStudioVersion = 15.0.27004.2002
MinimumVisualStudioVersion = 10.0.40219.1
Project("{FAE04EC0-301F-11D3-BF4B-00C04F79EFBC}") = "RCT2ObjectData", "RCT2ObjectData\RCT2ObjectData.csproj", "{928309FD-1B25-4E40-97EC-7BFED56ECABF}"
EndProject
Global
	GlobalSection(SolutionConfigurationPlatforms) = preSolution
		Debug|Any CPU = Debug|Any CPU
		Release|Any CPU = Release|Any CPU
	EndGlobalSection
	GlobalSection(ProjectConfigurationPlatforms) = postSolution
		{928309FD-1B25-4E40-97EC-7BFED56ECABF}.Debug|Any CPU.ActiveCfg = Debug|Any CPU
		{928309FD-1B25-4E40-97EC-7BFED56ECABF}.Debug|Any CPU.Build.0 = Debug|Any CPU
		{928309FD-1B25-4E40-97EC-7BFED56ECABF}.Release|Any CPU.ActiveCfg = Release|Any CPU
		{928309FD-1B25-4E40-97EC-7BFED56ECABF}.Release|Any CPU.Build.0 = Release|Any CPU
	EndGlobalSection
	GlobalSection(SolutionProperties) = preSolution
		HideSolutionNode = FALSE
	EndGlobalSection
	GlobalSection(ExtensibilityGlobals) = postSolution
		SolutionGuid = {E2AF3BE7-319C-4FDD-9B3D-BAD0BA255E58}
	EndGlobalSection
EndGlobal
